{
  "name": "uct",
  "version": "1.0.0",
  "lockfileVersion": 1,
  "requires": true,
  "dependencies": {
    "uview-ui": {
      "version": "1.8.3",
      "resolved": "https://registry.npm.taobao.org/uview-ui/download/uview-ui-1.8.3.tgz",
      "integrity": "sha1-wmAqa/ez7vYD/WMpWes0UK1KC5s="
    }
  }
}
